
Microsoft Visual Studio Solution File, Format Version 12.00
# Visual Studio Version 17
VisualStudioVersion = 17.14.36414.22 d17.14
MinimumVisualStudioVersion = 10.0.40219.1
Project("{FAE04EC0-301F-11D3-BF4B-00C04F79EFBC}") = "Cond1", "Cond1\Cond1.csproj", "{3D68F886-C866-48E3-8CEA-7141A28E4B31}"
EndProject
Project("{FAE04EC0-301F-11D3-BF4B-00C04F79EFBC}") = "Cond2", "Cond2\Cond2.csproj", "{7DD98D8A-9569-4BD5-83DF-9C98353B0604}"
EndProject
Global
	GlobalSection(SolutionConfigurationPlatforms) = preSolution
		Debug|Any CPU = Debug|Any CPU
		Release|Any CPU = Release|Any CPU
	EndGlobalSection
	GlobalSection(ProjectConfigurationPlatforms) = postSolution
		{3D68F886-C866-48E3-8CEA-7141A28E4B31}.Debug|Any CPU.ActiveCfg = Debug|Any CPU
		{3D68F886-C866-48E3-8CEA-7141A28E4B31}.Debug|Any CPU.Build.0 = Debug|Any CPU
		{3D68F886-C866-48E3-8CEA-7141A28E4B31}.Release|Any CPU.ActiveCfg = Release|Any CPU
		{3D68F886-C866-48E3-8CEA-7141A28E4B31}.Release|Any CPU.Build.0 = Release|Any CPU
		{7DD98D8A-9569-4BD5-83DF-9C98353B0604}.Debug|Any CPU.ActiveCfg = Debug|Any CPU
		{7DD98D8A-9569-4BD5-83DF-9C98353B0604}.Debug|Any CPU.Build.0 = Debug|Any CPU
		{7DD98D8A-9569-4BD5-83DF-9C98353B0604}.Release|Any CPU.ActiveCfg = Release|Any CPU
		{7DD98D8A-9569-4BD5-83DF-9C98353B0604}.Release|Any CPU.Build.0 = Release|Any CPU
	EndGlobalSection
	GlobalSection(SolutionProperties) = preSolution
		HideSolutionNode = FALSE
	EndGlobalSection
	GlobalSection(ExtensibilityGlobals) = postSolution
		SolutionGuid = {A3BEBB5A-22AD-442D-8B89-C37CA3EC44F3}
	EndGlobalSection
EndGlobal
